
Microsoft Visual Studio Solution File, Format Version 12.00
# Visual Studio Version 16
VisualStudioVersion = 16.0.30413.136
MinimumVisualStudioVersion = 10.0.40219.1
Project("{FAE04EC0-301F-11D3-BF4B-00C04F79EFBC}") = "Laboratorio2TP1", "Laboratorio2TP1.csproj", "{989F8883-376D-4066-8DFF-8F9DBB09B611}"
EndProject
Global
	GlobalSection(SolutionConfigurationPlatforms) = preSolution
		Debug|Any CPU = Debug|Any CPU
		Release|Any CPU = Release|Any CPU
	EndGlobalSection
	GlobalSection(ProjectConfigurationPlatforms) = postSolution
		{989F8883-376D-4066-8DFF-8F9DBB09B611}.Debug|Any CPU.ActiveCfg = Debug|Any CPU
		{989F8883-376D-4066-8DFF-8F9DBB09B611}.Debug|Any CPU.Build.0 = Debug|Any CPU
		{989F8883-376D-4066-8DFF-8F9DBB09B611}.Release|Any CPU.ActiveCfg = Release|Any CPU
		{989F8883-376D-4066-8DFF-8F9DBB09B611}.Release|Any CPU.Build.0 = Release|Any CPU
	EndGlobalSection
	GlobalSection(SolutionProperties) = preSolution
		HideSolutionNode = FALSE
	EndGlobalSection
	GlobalSection(ExtensibilityGlobals) = postSolution
		SolutionGuid = {7F341407-8FFF-4B59-B228-B4F42C3AD76E}
	EndGlobalSection
EndGlobal
